
Microsoft Visual Studio Solution File, Format Version 12.00
# Visual Studio Version 17
VisualStudioVersion = 17.7.34031.279
MinimumVisualStudioVersion = 10.0.40219.1
Project("{FAE04EC0-301F-11D3-BF4B-00C04F79EFBC}") = "Ejercicio01Practico8Linq.Consola", "Ejercicio01Practico8Linq.Consola\Ejercicio01Practico8Linq.Consola.csproj", "{267CAA6A-C47C-4D5C-BC53-FC13EBBA3875}"
EndProject
Project("{FAE04EC0-301F-11D3-BF4B-00C04F79EFBC}") = "Ejercicio01Practico8Linq.Utilidades", "Ejercicio01Practico8Linq.Utilidades\Ejercicio01Practico8Linq.Utilidades.csproj", "{06C9C3F1-5F5F-426C-976F-5421EC72D05B}"
EndProject
Global
	GlobalSection(SolutionConfigurationPlatforms) = preSolution
		Debug|Any CPU = Debug|Any CPU
		Release|Any CPU = Release|Any CPU
	EndGlobalSection
	GlobalSection(ProjectConfigurationPlatforms) = postSolution
		{267CAA6A-C47C-4D5C-BC53-FC13EBBA3875}.Debug|Any CPU.ActiveCfg = Debug|Any CPU
		{267CAA6A-C47C-4D5C-BC53-FC13EBBA3875}.Debug|Any CPU.Build.0 = Debug|Any CPU
		{267CAA6A-C47C-4D5C-BC53-FC13EBBA3875}.Release|Any CPU.ActiveCfg = Release|Any CPU
		{267CAA6A-C47C-4D5C-BC53-FC13EBBA3875}.Release|Any CPU.Build.0 = Release|Any CPU
		{06C9C3F1-5F5F-426C-976F-5421EC72D05B}.Debug|Any CPU.ActiveCfg = Debug|Any CPU
		{06C9C3F1-5F5F-426C-976F-5421EC72D05B}.Debug|Any CPU.Build.0 = Debug|Any CPU
		{06C9C3F1-5F5F-426C-976F-5421EC72D05B}.Release|Any CPU.ActiveCfg = Release|Any CPU
		{06C9C3F1-5F5F-426C-976F-5421EC72D05B}.Release|Any CPU.Build.0 = Release|Any CPU
	EndGlobalSection
	GlobalSection(SolutionProperties) = preSolution
		HideSolutionNode = FALSE
	EndGlobalSection
	GlobalSection(ExtensibilityGlobals) = postSolution
		SolutionGuid = {E7CA319B-C192-461B-B282-31CB3C92F8C8}
	EndGlobalSection
EndGlobal
